
Microsoft Visual Studio Solution File, Format Version 12.00
# Visual Studio Version 17
VisualStudioVersion = 17.0.31903.59
MinimumVisualStudioVersion = 10.0.40219.1
Project("{FAE04EC0-301F-11D3-BF4B-00C04F79EFBC}") = "XamarinTest2.Android", "..\XamarinTest2\XamarinTest2.Android\XamarinTest2.Android.csproj", "{F7D19C07-4821-486F-8D97-59A640FF16C7}"
EndProject
Project("{FAE04EC0-301F-11D3-BF4B-00C04F79EFBC}") = "XamarinTest2", "..\XamarinTest2\XamarinTest2\XamarinTest2.csproj", "{577A0D18-C15F-424D-8D4A-B38226485CD3}"
EndProject
Global
	GlobalSection(SolutionConfigurationPlatforms) = preSolution
		Debug|Any CPU = Debug|Any CPU
		Release|Any CPU = Release|Any CPU
	EndGlobalSection
	GlobalSection(ProjectConfigurationPlatforms) = postSolution
		{F7D19C07-4821-486F-8D97-59A640FF16C7}.Debug|Any CPU.ActiveCfg = Debug|Any CPU
		{F7D19C07-4821-486F-8D97-59A640FF16C7}.Debug|Any CPU.Build.0 = Debug|Any CPU
		{F7D19C07-4821-486F-8D97-59A640FF16C7}.Debug|Any CPU.Deploy.0 = Debug|Any CPU
		{F7D19C07-4821-486F-8D97-59A640FF16C7}.Release|Any CPU.ActiveCfg = Release|Any CPU
		{F7D19C07-4821-486F-8D97-59A640FF16C7}.Release|Any CPU.Build.0 = Release|Any CPU
		{F7D19C07-4821-486F-8D97-59A640FF16C7}.Release|Any CPU.Deploy.0 = Release|Any CPU
		{577A0D18-C15F-424D-8D4A-B38226485CD3}.Debug|Any CPU.ActiveCfg = Debug|Any CPU
		{577A0D18-C15F-424D-8D4A-B38226485CD3}.Debug|Any CPU.Build.0 = Debug|Any CPU
		{577A0D18-C15F-424D-8D4A-B38226485CD3}.Release|Any CPU.ActiveCfg = Release|Any CPU
		{577A0D18-C15F-424D-8D4A-B38226485CD3}.Release|Any CPU.Build.0 = Release|Any CPU
	EndGlobalSection
	GlobalSection(SolutionProperties) = preSolution
		HideSolutionNode = FALSE
	EndGlobalSection
	GlobalSection(ExtensibilityGlobals) = postSolution
		SolutionGuid = {54A2BDB8-EE4E-412A-93E0-0ADE3EB76A1D}
	EndGlobalSection
EndGlobal
